{
  "name": "payment-frontend",
  "version": "1.0.4",
  "lockfileVersion": 1,
  "requires": true,
  "dependencies": {
    "@paypal/paypal-js": {
      "version": "5.0.6",
      "resolved": "https://registry.npmjs.org/@paypal/paypal-js/-/paypal-js-5.0.6.tgz",
      "integrity": "sha512-q40h/Rc2Dus5p7Ctgq8EQyyqWGVCdfaezi4D5eWSIl2+p0FHL1mBA4XnXYgv9FPYejrVUmnIATdbqBdEYwasYg==",
      "requires": {
        "promise-polyfill": "^8.2.3"
      }
    },
    "promise-polyfill": {
      "version": "8.2.3",
      "resolved": "https://registry.npmjs.org/promise-polyfill/-/promise-polyfill-8.2.3.tgz",
      "integrity": "sha512-Og0+jCRQetV84U8wVjMNccfGCnMQ9mGs9Hv78QFe+pSDD3gWTpz0y+1QCuxy5d/vBFuZ3iwP2eycAkvqIMPmWg=="
    }
  }
}
